
Microsoft Visual Studio Solution File, Format Version 12.00
# Visual Studio Version 17
VisualStudioVersion = 17.11.35327.3
MinimumVisualStudioVersion = 10.0.40219.1
Project("{FAE04EC0-301F-11D3-BF4B-00C04F79EFBC}") = "AgendaTelefonica.API", "AgendaTelefonica.API.csproj", "{3503552C-D4DD-43F7-B90F-BDC6B159A754}"
EndProject
Project("{FAE04EC0-301F-11D3-BF4B-00C04F79EFBC}") = "AgendaTelefonica.Dominio", "..\AgendaTelefonica.Dominio\AgendaTelefonica.Dominio.csproj", "{1DCF2BF8-5730-4AE2-B94D-0367A07C404D}"
EndProject
Project("{FAE04EC0-301F-11D3-BF4B-00C04F79EFBC}") = "AgendaTelefonica.Aplicacao", "..\AgendaTelefonica.Aplicacao\AgendaTelefonica.Aplicacao.csproj", "{BFF999E9-0CFC-43CB-A8BA-510332E8BF83}"
EndProject
Project("{FAE04EC0-301F-11D3-BF4B-00C04F79EFBC}") = "AgendaTelefonica.Infra", "..\AgendaTelefonica.Infra\AgendaTelefonica.Infra.csproj", "{29D85AEE-32C6-4DA9-B6EE-CDBB0A05AAB4}"
EndProject
Project("{FAE04EC0-301F-11D3-BF4B-00C04F79EFBC}") = "AgendaTelefonica.IOC", "..\AgendaTelefonica.IOC\AgendaTelefonica.IOC.csproj", "{F63F1833-6383-49AC-A175-2EE7D7727B98}"
EndProject
Project("{FAE04EC0-301F-11D3-BF4B-00C04F79EFBC}") = "AgendaTelefonica.Teste", "..\AgendaTelefonica.Teste\AgendaTelefonica.Teste.csproj", "{17750663-48B5-4E48-BE4E-0AC4FACF853B}"
EndProject
Global
	GlobalSection(SolutionConfigurationPlatforms) = preSolution
		Debug|Any CPU = Debug|Any CPU
		Release|Any CPU = Release|Any CPU
	EndGlobalSection
	GlobalSection(ProjectConfigurationPlatforms) = postSolution
		{3503552C-D4DD-43F7-B90F-BDC6B159A754}.Debug|Any CPU.ActiveCfg = Debug|Any CPU
		{3503552C-D4DD-43F7-B90F-BDC6B159A754}.Debug|Any CPU.Build.0 = Debug|Any CPU
		{3503552C-D4DD-43F7-B90F-BDC6B159A754}.Release|Any CPU.ActiveCfg = Release|Any CPU
		{3503552C-D4DD-43F7-B90F-BDC6B159A754}.Release|Any CPU.Build.0 = Release|Any CPU
		{1DCF2BF8-5730-4AE2-B94D-0367A07C404D}.Debug|Any CPU.ActiveCfg = Debug|Any CPU
		{1DCF2BF8-5730-4AE2-B94D-0367A07C404D}.Debug|Any CPU.Build.0 = Debug|Any CPU
		{1DCF2BF8-5730-4AE2-B94D-0367A07C404D}.Release|Any CPU.ActiveCfg = Release|Any CPU
		{1DCF2BF8-5730-4AE2-B94D-0367A07C404D}.Release|Any CPU.Build.0 = Release|Any CPU
		{BFF999E9-0CFC-43CB-A8BA-510332E8BF83}.Debug|Any CPU.ActiveCfg = Debug|Any CPU
		{BFF999E9-0CFC-43CB-A8BA-510332E8BF83}.Debug|Any CPU.Build.0 = Debug|Any CPU
		{BFF999E9-0CFC-43CB-A8BA-510332E8BF83}.Release|Any CPU.ActiveCfg = Release|Any CPU
		{BFF999E9-0CFC-43CB-A8BA-510332E8BF83}.Release|Any CPU.Build.0 = Release|Any CPU
		{29D85AEE-32C6-4DA9-B6EE-CDBB0A05AAB4}.Debug|Any CPU.ActiveCfg = Debug|Any CPU
		{29D85AEE-32C6-4DA9-B6EE-CDBB0A05AAB4}.Debug|Any CPU.Build.0 = Debug|Any CPU
		{29D85AEE-32C6-4DA9-B6EE-CDBB0A05AAB4}.Release|Any CPU.ActiveCfg = Release|Any CPU
		{29D85AEE-32C6-4DA9-B6EE-CDBB0A05AAB4}.Release|Any CPU.Build.0 = Release|Any CPU
		{F63F1833-6383-49AC-A175-2EE7D7727B98}.Debug|Any CPU.ActiveCfg = Debug|Any CPU
		{F63F1833-6383-49AC-A175-2EE7D7727B98}.Debug|Any CPU.Build.0 = Debug|Any CPU
		{F63F1833-6383-49AC-A175-2EE7D7727B98}.Release|Any CPU.ActiveCfg = Release|Any CPU
		{F63F1833-6383-49AC-A175-2EE7D7727B98}.Release|Any CPU.Build.0 = Release|Any CPU
		{17750663-48B5-4E48-BE4E-0AC4FACF853B}.Debug|Any CPU.ActiveCfg = Debug|Any CPU
		{17750663-48B5-4E48-BE4E-0AC4FACF853B}.Debug|Any CPU.Build.0 = Debug|Any CPU
		{17750663-48B5-4E48-BE4E-0AC4FACF853B}.Release|Any CPU.ActiveCfg = Release|Any CPU
		{17750663-48B5-4E48-BE4E-0AC4FACF853B}.Release|Any CPU.Build.0 = Release|Any CPU
	EndGlobalSection
	GlobalSection(SolutionProperties) = preSolution
		HideSolutionNode = FALSE
	EndGlobalSection
	GlobalSection(ExtensibilityGlobals) = postSolution
		SolutionGuid = {D7AF7653-7F85-48F2-B7A0-F4FE8C3B412D}
	EndGlobalSection
EndGlobal
